// !$*UTF8*$!
{
	archiveVersion = 1;
	classes = {
	};
	objectVersion = 50;
	objects = {

/* Begin PBXBuildFile section */
		CE52024621FFEF31003DD675 /* ResponseModel.swift in Sources */ = {isa = PBXBuildFile; fileRef = CE52024521FFEF31003DD675 /* ResponseModel.swift */; };
		CECB785F21FC8973008272EC /* AppDelegate.swift in Sources */ = {isa = PBXBuildFile; fileRef = CECB785E21FC8973008272EC /* AppDelegate.swift */; };
		CECB786121FC8973008272EC /* RootViewController.swift in Sources */ = {isa = PBXBuildFile; fileRef = CECB786021FC8973008272EC /* RootViewController.swift */; };
		CECB786321FC8973008272EC /* DataViewController.swift in Sources */ = {isa = PBXBuildFile; fileRef = CECB786221FC8973008272EC /* DataViewController.swift */; };
		CECB786521FC8973008272EC /* ModelController.swift in Sources */ = {isa = PBXBuildFile; fileRef = CECB786421FC8973008272EC /* ModelController.swift */; };
		CECB786821FC8973008272EC /* Main.storyboard in Resources */ = {isa = PBXBuildFile; fileRef = CECB786621FC8973008272EC /* Main.storyboard */; };
		CECB786A21FC8975008272EC /* Assets.xcassets in Resources */ = {isa = PBXBuildFile; fileRef = CECB786921FC8975008272EC /* Assets.xcassets */; };
		CECB786D21FC8975008272EC /* LaunchScreen.storyboard in Resources */ = {isa = PBXBuildFile; fileRef = CECB786B21FC8975008272EC /* LaunchScreen.storyboard */; };
		CECB787821FC8975008272EC /* beam_mobileTests.swift in Sources */ = {isa = PBXBuildFile; fileRef = CECB787721FC8975008272EC /* beam_mobileTests.swift */; };
		CECB788321FC8975008272EC /* beam_mobileUITests.swift in Sources */ = {isa = PBXBuildFile; fileRef = CECB788221FC8975008272EC /* beam_mobileUITests.swift */; };
		CECB789221FC936E008272EC /* Alamofire.framework in Frameworks */ = {isa = PBXBuildFile; fileRef = CECB789121FC936E008272EC /* Alamofire.framework */; };
		CECB789E21FC9398008272EC /* MarqueeLabelSwift.framework in Frameworks */ = {isa = PBXBuildFile; fileRef = CECB789621FC9398008272EC /* MarqueeLabelSwift.framework */; };
		CECB789F21FC9398008272EC /* RxCocoa.framework in Frameworks */ = {isa = PBXBuildFile; fileRef = CECB789721FC9398008272EC /* RxCocoa.framework */; };
		CECB78A021FC9398008272EC /* JGProgressHUD.framework in Frameworks */ = {isa = PBXBuildFile; fileRef = CECB789821FC9398008272EC /* JGProgressHUD.framework */; };
		CECB78A121FC9398008272EC /* SnapKit.framework in Frameworks */ = {isa = PBXBuildFile; fileRef = CECB789921FC9398008272EC /* SnapKit.framework */; };
		CECB78A221FC9398008272EC /* NotificationBanner.framework in Frameworks */ = {isa = PBXBuildFile; fileRef = CECB789A21FC9398008272EC /* NotificationBanner.framework */; };
		CECB78A321FC9398008272EC /* RxSwift.framework in Frameworks */ = {isa = PBXBuildFile; fileRef = CECB789B21FC9398008272EC /* RxSwift.framework */; };
		CECB78A421FC9398008272EC /* SwiftValidator.framework in Frameworks */ = {isa = PBXBuildFile; fileRef = CECB789C21FC9398008272EC /* SwiftValidator.framework */; };
		CECB78A721FC9A41008272EC /* GoogleService-Info.plist in Resources */ = {isa = PBXBuildFile; fileRef = CECB78A621FC9A41008272EC /* GoogleService-Info.plist */; };
		CECB78AB21FCBBDE008272EC /* ProductsTableViewController.swift in Sources */ = {isa = PBXBuildFile; fileRef = CECB78AA21FCBBDE008272EC /* ProductsTableViewController.swift */; };
		CECB78B021FCC453008272EC /* FavouritesViewController.swift in Sources */ = {isa = PBXBuildFile; fileRef = CECB78AF21FCC453008272EC /* FavouritesViewController.swift */; };
		CECB78B321FCC4E6008272EC /* ItemCell.swift in Sources */ = {isa = PBXBuildFile; fileRef = CECB78B121FCC4E6008272EC /* ItemCell.swift */; };
		CECB78B421FCC4E6008272EC /* ItemCell.xib in Resources */ = {isa = PBXBuildFile; fileRef = CECB78B221FCC4E6008272EC /* ItemCell.xib */; };
		CECB78C821FD1986008272EC /* LekanObjc.m in Sources */ = {isa = PBXBuildFile; fileRef = CECB78C721FD1986008272EC /* LekanObjc.m */; };
		CED0088A21FD1FF90066F499 /* GoogleAppMeasurement.framework in Frameworks */ = {isa = PBXBuildFile; fileRef = CED0087F21FD1FF80066F499 /* GoogleAppMeasurement.framework */; };
		CED0088B21FD1FF90066F499 /* FirebaseCore.framework in Frameworks */ = {isa = PBXBuildFile; fileRef = CED0088021FD1FF80066F499 /* FirebaseCore.framework */; };
		CED0088C21FD1FF90066F499 /* FirebaseAnalytics.framework in Frameworks */ = {isa = PBXBuildFile; fileRef = CED0088121FD1FF80066F499 /* FirebaseAnalytics.framework */; };
		CED0088D21FD1FF90066F499 /* GoogleUtilities.framework in Frameworks */ = {isa = PBXBuildFile; fileRef = CED0088221FD1FF80066F499 /* GoogleUtilities.framework */; };
		CED0088E21FD1FF90066F499 /* nanopb.framework in Frameworks */ = {isa = PBXBuildFile; fileRef = CED0088321FD1FF80066F499 /* nanopb.framework */; };
		CED0088F21FD1FF90066F499 /* FIRAnalyticsConnector.framework in Frameworks */ = {isa = PBXBuildFile; fileRef = CED0088421FD1FF80066F499 /* FIRAnalyticsConnector.framework */; };
		CED0089021FD1FF90066F499 /* FirebaseInstanceID.framework in Frameworks */ = {isa = PBXBuildFile; fileRef = CED0088521FD1FF80066F499 /* FirebaseInstanceID.framework */; };
		CED0089121FD1FF90066F499 /* FirebaseCoreDiagnostics.framework in Frameworks */ = {isa = PBXBuildFile; fileRef = CED0088621FD1FF80066F499 /* FirebaseCoreDiagnostics.framework */; };
		CED0089221FD1FF90066F499 /* FirebaseMessaging.framework in Frameworks */ = {isa = PBXBuildFile; fileRef = CED0088721FD1FF80066F499 /* FirebaseMessaging.framework */; };
		CED0089321FD1FF90066F499 /* Protobuf.framework in Frameworks */ = {isa = PBXBuildFile; fileRef = CED0088821FD1FF80066F499 /* Protobuf.framework */; };
		CED0089621FD48ED0066F499 /* ProductTableViewCell.swift in Sources */ = {isa = PBXBuildFile; fileRef = CED0089521FD48ED0066F499 /* ProductTableViewCell.swift */; };
		CED0089C21FD4B950066F499 /* ApiConfiguration.swift in Sources */ = {isa = PBXBuildFile; fileRef = CED0089B21FD4B950066F499 /* ApiConfiguration.swift */; };
		CED0089E21FD4BC00066F499 /* ApiClient.swift in Sources */ = {isa = PBXBuildFile; fileRef = CED0089D21FD4BC00066F499 /* ApiClient.swift */; };
		CED008A121FD4C1B0066F499 /* ProductsEndpoint.swift in Sources */ = {isa = PBXBuildFile; fileRef = CED008A021FD4C1B0066F499 /* ProductsEndpoint.swift */; };
		CED008A321FD51AA0066F499 /* UrlConstants.swift in Sources */ = {isa = PBXBuildFile; fileRef = CED008A221FD51AA0066F499 /* UrlConstants.swift */; };
		CED008A521FD52CE0066F499 /* ProductModel.swift in Sources */ = {isa = PBXBuildFile; fileRef = CED008A421FD52CE0066F499 /* ProductModel.swift */; };
		CED008A721FD98300066F499 /* Kingfisher.framework in Frameworks */ = {isa = PBXBuildFile; fileRef = CED008A621FD98300066F499 /* Kingfisher.framework */; };
		CED008AA21FDC9F20066F499 /* LoginTableViewController.swift in Sources */ = {isa = PBXBuildFile; fileRef = CED008A921FDC9F20066F499 /* LoginTableViewController.swift */; };
		CED008AC21FDCC560066F499 /* UsersEndpoint.swift in Sources */ = {isa = PBXBuildFile; fileRef = CED008AB21FDCC560066F499 /* UsersEndpoint.swift */; };
		CED008AE21FDD4880066F499 /* UserModel.swift in Sources */ = {isa = PBXBuildFile; fileRef = CED008AD21FDD4880066F499 /* UserModel.swift */; };
		CED008B121FDD9360066F499 /* UIViewControllerExt.swift in Sources */ = {isa = PBXBuildFile; fileRef = CED008B021FDD9360066F499 /* UIViewControllerExt.swift */; };
		CED008B421FDDE2A0066F499 /* UserSessionManager.swift in Sources */ = {isa = PBXBuildFile; fileRef = CED008B321FDDE2A0066F499 /* UserSessionManager.swift */; };
		CED008B621FDEF8B0066F499 /* UserProductsEndpoint.swift in Sources */ = {isa = PBXBuildFile; fileRef = CED008B521FDEF8B0066F499 /* UserProductsEndpoint.swift */; };
		CED008B821FDF3980066F499 /* UserProductModel.swift in Sources */ = {isa = PBXBuildFile; fileRef = CED008B721FDF3980066F499 /* UserProductModel.swift */; };
		CED008BB21FE9B2B0066F499 /* BaseTableViewController.swift in Sources */ = {isa = PBXBuildFile; fileRef = CED008BA21FE9B2B0066F499 /* BaseTableViewController.swift */; };
		CED008BD21FEA1EC0066F499 /* SubscriptionModel.swift in Sources */ = {isa = PBXBuildFile; fileRef = CED008BC21FEA1EB0066F499 /* SubscriptionModel.swift */; };
/* End PBXBuildFile section */

/* Begin PBXContainerItemProxy section */
		CECB787421FC8975008272EC /* PBXContainerItemProxy */ = {
			isa = PBXContainerItemProxy;
			containerPortal = CECB785321FC8973008272EC /* Project object */;
			proxyType = 1;
			remoteGlobalIDString = CECB785A21FC8973008272EC;
			remoteInfo = "beam mobile";
		};
		CECB787F21FC8975008272EC /* PBXContainerItemProxy */ = {
			isa = PBXContainerItemProxy;
			containerPortal = CECB785321FC8973008272EC /* Project object */;
			proxyType = 1;
			remoteGlobalIDString = CECB785A21FC8973008272EC;
			remoteInfo = "beam mobile";
		};
/* End PBXContainerItemProxy section */

/* Begin PBXFileReference section */
		CE52024521FFEF31003DD675 /* ResponseModel.swift */ = {isa = PBXFileReference; lastKnownFileType = sourcecode.swift; path = ResponseModel.swift; sourceTree = "<group>"; };
		CECB785B21FC8973008272EC /* beam mobile.app */ = {isa = PBXFileReference; explicitFileType = wrapper.application; includeInIndex = 0; path = "beam mobile.app"; sourceTree = BUILT_PRODUCTS_DIR; };
		CECB785E21FC8973008272EC /* AppDelegate.swift */ = {isa = PBXFileReference; lastKnownFileType = sourcecode.swift; path = AppDelegate.swift; sourceTree = "<group>"; };
		CECB786021FC8973008272EC /* RootViewController.swift */ = {isa = PBXFileReference; lastKnownFileType = sourcecode.swift; path = RootViewController.swift; sourceTree = "<group>"; };
		CECB786221FC8973008272EC /* DataViewController.swift */ = {isa = PBXFileReference; lastKnownFileType = sourcecode.swift; path = DataViewController.swift; sourceTree = "<group>"; };
		CECB786421FC8973008272EC /* ModelController.swift */ = {isa = PBXFileReference; lastKnownFileType = sourcecode.swift; path = ModelController.swift; sourceTree = "<group>"; };
		CECB786721FC8973008272EC /* Base */ = {isa = PBXFileReference; lastKnownFileType = file.storyboard; name = Base; path = Base.lproj/Main.storyboard; sourceTree = "<group>"; };
		CECB786921FC8975008272EC /* Assets.xcassets */ = {isa = PBXFileReference; lastKnownFileType = folder.assetcatalog; path = Assets.xcassets; sourceTree = "<group>"; };
		CECB786C21FC8975008272EC /* Base */ = {isa = PBXFileReference; lastKnownFileType = file.storyboard; name = Base; path = Base.lproj/LaunchScreen.storyboard; sourceTree = "<group>"; };
		CECB786E21FC8975008272EC /* Info.plist */ = {isa = PBXFileReference; lastKnownFileType = text.plist.xml; path = Info.plist; sourceTree = "<group>"; };
		CECB787321FC8975008272EC /* beam mobileTests.xctest */ = {isa = PBXFileReference; explicitFileType = wrapper.cfbundle; includeInIndex = 0; path = "beam mobileTests.xctest"; sourceTree = BUILT_PRODUCTS_DIR; };
		CECB787721FC8975008272EC /* beam_mobileTests.swift */ = {isa = PBXFileReference; lastKnownFileType = sourcecode.swift; path = beam_mobileTests.swift; sourceTree = "<group>"; };
		CECB787921FC8975008272EC /* Info.plist */ = {isa = PBXFileReference; lastKnownFileType = text.plist.xml; path = Info.plist; sourceTree = "<group>"; };
		CECB787E21FC8975008272EC /* beam mobileUITests.xctest */ = {isa = PBXFileReference; explicitFileType = wrapper.cfbundle; includeInIndex = 0; path = "beam mobileUITests.xctest"; sourceTree = BUILT_PRODUCTS_DIR; };
		CECB788221FC8975008272EC /* beam_mobileUITests.swift */ = {isa = PBXFileReference; lastKnownFileType = sourcecode.swift; path = beam_mobileUITests.swift; sourceTree = "<group>"; };
		CECB788421FC8975008272EC /* Info.plist */ = {isa = PBXFileReference; lastKnownFileType = text.plist.xml; path = Info.plist; sourceTree = "<group>"; };
		CECB789121FC936E008272EC /* Alamofire.framework */ = {isa = PBXFileReference; lastKnownFileType = wrapper.framework; name = Alamofire.framework; path = Carthage/Build/iOS/Alamofire.framework; sourceTree = "<group>"; };
		CECB789321FC937C008272EC /* AlamofireImage.framework */ = {isa = PBXFileReference; lastKnownFileType = wrapper.framework; name = AlamofireImage.framework; path = Carthage/Build/iOS/AlamofireImage.framework; sourceTree = "<group>"; };
		CECB789521FC9398008272EC /* MarqueeLabel.framework */ = {isa = PBXFileReference; lastKnownFileType = wrapper.framework; name = MarqueeLabel.framework; path = Carthage/Build/iOS/MarqueeLabel.framework; sourceTree = "<group>"; };
		CECB789621FC9398008272EC /* MarqueeLabelSwift.framework */ = {isa = PBXFileReference; lastKnownFileType = wrapper.framework; name = MarqueeLabelSwift.framework; path = Carthage/Build/iOS/MarqueeLabelSwift.framework; sourceTree = "<group>"; };
		CECB789721FC9398008272EC /* RxCocoa.framework */ = {isa = PBXFileReference; lastKnownFileType = wrapper.framework; name = RxCocoa.framework; path = Carthage/Build/iOS/RxCocoa.framework; sourceTree = "<group>"; };
		CECB789821FC9398008272EC /* JGProgressHUD.framework */ = {isa = PBXFileReference; lastKnownFileType = wrapper.framework; name = JGProgressHUD.framework; path = Carthage/Build/iOS/JGProgressHUD.framework; sourceTree = "<group>"; };
		CECB789921FC9398008272EC /* SnapKit.framework */ = {isa = PBXFileReference; lastKnownFileType = wrapper.framework; name = SnapKit.framework; path = Carthage/Build/iOS/SnapKit.framework; sourceTree = "<group>"; };
		CECB789A21FC9398008272EC /* NotificationBanner.framework */ = {isa = PBXFileReference; lastKnownFileType = wrapper.framework; name = NotificationBanner.framework; path = Carthage/Build/iOS/NotificationBanner.framework; sourceTree = "<group>"; };
		CECB789B21FC9398008272EC /* RxSwift.framework */ = {isa = PBXFileReference; lastKnownFileType = wrapper.framework; name = RxSwift.framework; path = Carthage/Build/iOS/RxSwift.framework; sourceTree = "<group>"; };
		CECB789C21FC9398008272EC /* SwiftValidator.framework */ = {isa = PBXFileReference; lastKnownFileType = wrapper.framework; name = SwiftValidator.framework; path = Carthage/Build/iOS/SwiftValidator.framework; sourceTree = "<group>"; };
		CECB78A621FC9A41008272EC /* GoogleService-Info.plist */ = {isa = PBXFileReference; fileEncoding = 4; lastKnownFileType = text.plist.xml; path = "GoogleService-Info.plist"; sourceTree = "<group>"; };
		CECB78AA21FCBBDE008272EC /* ProductsTableViewController.swift */ = {isa = PBXFileReference; lastKnownFileType = sourcecode.swift; path = ProductsTableViewController.swift; sourceTree = "<group>"; };
		CECB78AF21FCC453008272EC /* FavouritesViewController.swift */ = {isa = PBXFileReference; lastKnownFileType = sourcecode.swift; path = FavouritesViewController.swift; sourceTree = "<group>"; };
		CECB78B121FCC4E6008272EC /* ItemCell.swift */ = {isa = PBXFileReference; lastKnownFileType = sourcecode.swift; path = ItemCell.swift; sourceTree = "<group>"; };
		CECB78B221FCC4E6008272EC /* ItemCell.xib */ = {isa = PBXFileReference; lastKnownFileType = file.xib; path = ItemCell.xib; sourceTree = "<group>"; };
		CECB78B621FD091A008272EC /* FirebaseMessaging.framework */ = {isa = PBXFileReference; lastKnownFileType = wrapper.framework; name = FirebaseMessaging.framework; path = Carthage/Build/iOS/FirebaseMessaging.framework; sourceTree = "<group>"; };
		CECB78B821FD0DB7008272EC /* nanopb.framework */ = {isa = PBXFileReference; lastKnownFileType = wrapper.framework; name = nanopb.framework; path = Carthage/Build/iOS/nanopb.framework; sourceTree = "<group>"; };
		CECB78BA21FD1071008272EC /* FirebaseInstanceID.framework */ = {isa = PBXFileReference; lastKnownFileType = wrapper.framework; name = FirebaseInstanceID.framework; path = Carthage/Build/iOS/FirebaseInstanceID.framework; sourceTree = "<group>"; };
		CECB78BC21FD108C008272EC /* FirebaseInAppMessaging.framework */ = {isa = PBXFileReference; lastKnownFileType = wrapper.framework; name = FirebaseInAppMessaging.framework; path = Carthage/Build/iOS/FirebaseInAppMessaging.framework; sourceTree = "<group>"; };
		CECB78BE21FD108F008272EC /* FirebaseInAppMessagingDisplay.framework */ = {isa = PBXFileReference; lastKnownFileType = wrapper.framework; name = FirebaseInAppMessagingDisplay.framework; path = Carthage/Build/iOS/FirebaseInAppMessagingDisplay.framework; sourceTree = "<group>"; };
		CECB78C021FD109D008272EC /* FirebaseAnalytics.framework */ = {isa = PBXFileReference; lastKnownFileType = wrapper.framework; name = FirebaseAnalytics.framework; path = Carthage/Build/iOS/FirebaseAnalytics.framework; sourceTree = "<group>"; };
		CECB78C221FD142A008272EC /* Protobuf.framework */ = {isa = PBXFileReference; lastKnownFileType = wrapper.framework; name = Protobuf.framework; path = Carthage/Build/iOS/Protobuf.framework; sourceTree = "<group>"; };
		CECB78C421FD14D5008272EC /* FirebaseCore.framework */ = {isa = PBXFileReference; lastKnownFileType = wrapper.framework; name = FirebaseCore.framework; path = Carthage/Build/iOS/FirebaseCore.framework; sourceTree = "<group>"; };
		CECB78C621FD1985008272EC /* beam mobile-Bridging-Header.h */ = {isa = PBXFileReference; lastKnownFileType = sourcecode.c.h; path = "beam mobile-Bridging-Header.h"; sourceTree = "<group>"; };
		CECB78C721FD1986008272EC /* LekanObjc.m */ = {isa = PBXFileReference; lastKnownFileType = sourcecode.c.objc; path = LekanObjc.m; sourceTree = "<group>"; };
		CED0087B21FD1F220066F499 /* Firebase.h */ = {isa = PBXFileReference; fileEncoding = 4; lastKnownFileType = sourcecode.c.h; path = Firebase.h; sourceTree = "<group>"; };
		CED0087C21FD1F2C0066F499 /* module.modulemap */ = {isa = PBXFileReference; fileEncoding = 4; lastKnownFileType = "sourcecode.module-map"; path = module.modulemap; sourceTree = "<group>"; };
		CED0087D21FD1FF80066F499 /* FirebaseInAppMessaging.framework */ = {isa = PBXFileReference; lastKnownFileType = wrapper.framework; path = FirebaseInAppMessaging.framework; sourceTree = "<group>"; };
		CED0087F21FD1FF80066F499 /* GoogleAppMeasurement.framework */ = {isa = PBXFileReference; lastKnownFileType = wrapper.framework; path = GoogleAppMeasurement.framework; sourceTree = "<group>"; };
		CED0088021FD1FF80066F499 /* FirebaseCore.framework */ = {isa = PBXFileReference; lastKnownFileType = wrapper.framework; path = FirebaseCore.framework; sourceTree = "<group>"; };
		CED0088121FD1FF80066F499 /* FirebaseAnalytics.framework */ = {isa = PBXFileReference; lastKnownFileType = wrapper.framework; path = FirebaseAnalytics.framework; sourceTree = "<group>"; };
		CED0088221FD1FF80066F499 /* GoogleUtilities.framework */ = {isa = PBXFileReference; lastKnownFileType = wrapper.framework; path = GoogleUtilities.framework; sourceTree = "<group>"; };
		CED0088321FD1FF80066F499 /* nanopb.framework */ = {isa = PBXFileReference; lastKnownFileType = wrapper.framework; path = nanopb.framework; sourceTree = "<group>"; };
		CED0088421FD1FF80066F499 /* FIRAnalyticsConnector.framework */ = {isa = PBXFileReference; lastKnownFileType = wrapper.framework; path = FIRAnalyticsConnector.framework; sourceTree = "<group>"; };
		CED0088521FD1FF80066F499 /* FirebaseInstanceID.framework */ = {isa = PBXFileReference; lastKnownFileType = wrapper.framework; path = FirebaseInstanceID.framework; sourceTree = "<group>"; };
		CED0088621FD1FF80066F499 /* FirebaseCoreDiagnostics.framework */ = {isa = PBXFileReference; lastKnownFileType = wrapper.framework; path = FirebaseCoreDiagnostics.framework; sourceTree = "<group>"; };
		CED0088721FD1FF80066F499 /* FirebaseMessaging.framework */ = {isa = PBXFileReference; lastKnownFileType = wrapper.framework; path = FirebaseMessaging.framework; sourceTree = "<group>"; };
		CED0088821FD1FF80066F499 /* Protobuf.framework */ = {isa = PBXFileReference; lastKnownFileType = wrapper.framework; path = Protobuf.framework; sourceTree = "<group>"; };
		CED0089421FD210D0066F499 /* beam mobile.entitlements */ = {isa = PBXFileReference; lastKnownFileType = text.plist.entitlements; path = "beam mobile.entitlements"; sourceTree = "<group>"; };
		CED0089521FD48ED0066F499 /* ProductTableViewCell.swift */ = {isa = PBXFileReference; lastKnownFileType = sourcecode.swift; path = ProductTableViewCell.swift; sourceTree = "<group>"; };
		CED0089B21FD4B950066F499 /* ApiConfiguration.swift */ = {isa = PBXFileReference; fileEncoding = 4; lastKnownFileType = sourcecode.swift; path = ApiConfiguration.swift; sourceTree = "<group>"; };
		CED0089D21FD4BC00066F499 /* ApiClient.swift */ = {isa = PBXFileReference; fileEncoding = 4; lastKnownFileType = sourcecode.swift; path = ApiClient.swift; sourceTree = "<group>"; };
		CED008A021FD4C1B0066F499 /* ProductsEndpoint.swift */ = {isa = PBXFileReference; lastKnownFileType = sourcecode.swift; path = ProductsEndpoint.swift; sourceTree = "<group>"; };
		CED008A221FD51AA0066F499 /* UrlConstants.swift */ = {isa = PBXFileReference; lastKnownFileType = sourcecode.swift; path = UrlConstants.swift; sourceTree = "<group>"; };
		CED008A421FD52CE0066F499 /* ProductModel.swift */ = {isa = PBXFileReference; lastKnownFileType = sourcecode.swift; path = ProductModel.swift; sourceTree = "<group>"; };
		CED008A621FD98300066F499 /* Kingfisher.framework */ = {isa = PBXFileReference; lastKnownFileType = wrapper.framework; name = Kingfisher.framework; path = Carthage/Build/iOS/Kingfisher.framework; sourceTree = "<group>"; };
		CED008A921FDC9F20066F499 /* LoginTableViewController.swift */ = {isa = PBXFileReference; lastKnownFileType = sourcecode.swift; path = LoginTableViewController.swift; sourceTree = "<group>"; };
		CED008AB21FDCC560066F499 /* UsersEndpoint.swift */ = {isa = PBXFileReference; lastKnownFileType = sourcecode.swift; path = UsersEndpoint.swift; sourceTree = "<group>"; };
		CED008AD21FDD4880066F499 /* UserModel.swift */ = {isa = PBXFileReference; lastKnownFileType = sourcecode.swift; path = UserModel.swift; sourceTree = "<group>"; };
		CED008B021FDD9360066F499 /* UIViewControllerExt.swift */ = {isa = PBXFileReference; lastKnownFileType = sourcecode.swift; path = UIViewControllerExt.swift; sourceTree = "<group>"; };
		CED008B321FDDE2A0066F499 /* UserSessionManager.swift */ = {isa = PBXFileReference; fileEncoding = 4; lastKnownFileType = sourcecode.swift; path = UserSessionManager.swift; sourceTree = "<group>"; };
		CED008B521FDEF8B0066F499 /* UserProductsEndpoint.swift */ = {isa = PBXFileReference; lastKnownFileType = sourcecode.swift; path = UserProductsEndpoint.swift; sourceTree = "<group>"; };
		CED008B721FDF3980066F499 /* UserProductModel.swift */ = {isa = PBXFileReference; lastKnownFileType = sourcecode.swift; path = UserProductModel.swift; sourceTree = "<group>"; };
		CED008BA21FE9B2B0066F499 /* BaseTableViewController.swift */ = {isa = PBXFileReference; lastKnownFileType = sourcecode.swift; path = BaseTableViewController.swift; sourceTree = "<group>"; };
		CED008BC21FEA1EB0066F499 /* SubscriptionModel.swift */ = {isa = PBXFileReference; lastKnownFileType = sourcecode.swift; path = SubscriptionModel.swift; sourceTree = "<group>"; };
/* End PBXFileReference section */

/* Begin PBXFrameworksBuildPhase section */
		CECB785821FC8973008272EC /* Frameworks */ = {
			isa = PBXFrameworksBuildPhase;
			buildActionMask = 2147483647;
			files = (
				CED008A721FD98300066F499 /* Kingfisher.framework in Frameworks */,
				CECB78A121FC9398008272EC /* SnapKit.framework in Frameworks */,
				CECB78A221FC9398008272EC /* NotificationBanner.framework in Frameworks */,
				CECB789221FC936E008272EC /* Alamofire.framework in Frameworks */,
				CECB789E21FC9398008272EC /* MarqueeLabelSwift.framework in Frameworks */,
				CECB78A321FC9398008272EC /* RxSwift.framework in Frameworks */,
				CECB789F21FC9398008272EC /* RxCocoa.framework in Frameworks */,
				CECB78A421FC9398008272EC /* SwiftValidator.framework in Frameworks */,
				CECB78A021FC9398008272EC /* JGProgressHUD.framework in Frameworks */,
				CED0088A21FD1FF90066F499 /* GoogleAppMeasurement.framework in Frameworks */,
				CED0088B21FD1FF90066F499 /* FirebaseCore.framework in Frameworks */,
				CED0089221FD1FF90066F499 /* FirebaseMessaging.framework in Frameworks */,
				CED0089321FD1FF90066F499 /* Protobuf.framework in Frameworks */,
				CED0088C21FD1FF90066F499 /* FirebaseAnalytics.framework in Frameworks */,
				CED0089121FD1FF90066F499 /* FirebaseCoreDiagnostics.framework in Frameworks */,
				CED0088E21FD1FF90066F499 /* nanopb.framework in Frameworks */,
				CED0089021FD1FF90066F499 /* FirebaseInstanceID.framework in Frameworks */,
				CED0088D21FD1FF90066F499 /* GoogleUtilities.framework in Frameworks */,
				CED0088F21FD1FF90066F499 /* FIRAnalyticsConnector.framework in Frameworks */,
			);
			runOnlyForDeploymentPostprocessing = 0;
		};
		CECB787021FC8975008272EC /* Frameworks */ = {
			isa = PBXFrameworksBuildPhase;
			buildActionMask = 2147483647;
			files = (
			);
			runOnlyForDeploymentPostprocessing = 0;
		};
		CECB787B21FC8975008272EC /* Frameworks */ = {
			isa = PBXFrameworksBuildPhase;
			buildActionMask = 2147483647;
			files = (
			);
			runOnlyForDeploymentPostprocessing = 0;
		};
/* End PBXFrameworksBuildPhase section */

/* Begin PBXGroup section */
		CECB785221FC8973008272EC = {
			isa = PBXGroup;
			children = (
				CECB785D21FC8973008272EC /* beam mobile */,
				CECB787621FC8975008272EC /* beam mobileTests */,
				CECB788121FC8975008272EC /* beam mobileUITests */,
				CECB785C21FC8973008272EC /* Products */,
				CECB789021FC936E008272EC /* Frameworks */,
			);
			sourceTree = "<group>";
		};
		CECB785C21FC8973008272EC /* Products */ = {
			isa = PBXGroup;
			children = (
				CECB785B21FC8973008272EC /* beam mobile.app */,
				CECB787321FC8975008272EC /* beam mobileTests.xctest */,
				CECB787E21FC8975008272EC /* beam mobileUITests.xctest */,
			);
			name = Products;
			sourceTree = "<group>";
		};
		CECB785D21FC8973008272EC /* beam mobile */ = {
			isa = PBXGroup;
			children = (
				CED008AF21FDD8E40066F499 /* Extentions */,
				CECB78A821FCB227008272EC /* UI */,
				CED0089721FD4A030066F499 /* ModelLayer */,
				CED0089421FD210D0066F499 /* beam mobile.entitlements */,
				CECB78C921FD1B5B008272EC /* Firebase */,
				CECB785E21FC8973008272EC /* AppDelegate.swift */,
				CECB786021FC8973008272EC /* RootViewController.swift */,
				CECB786221FC8973008272EC /* DataViewController.swift */,
				CECB786421FC8973008272EC /* ModelController.swift */,
				CECB786621FC8973008272EC /* Main.storyboard */,
				CECB786921FC8975008272EC /* Assets.xcassets */,
				CECB786B21FC8975008272EC /* LaunchScreen.storyboard */,
				CECB78A621FC9A41008272EC /* GoogleService-Info.plist */,
				CECB786E21FC8975008272EC /* Info.plist */,
				CECB78C721FD1986008272EC /* LekanObjc.m */,
				CECB78C621FD1985008272EC /* beam mobile-Bridging-Header.h */,
			);
			path = "beam mobile";
			sourceTree = "<group>";
		};
		CECB787621FC8975008272EC /* beam mobileTests */ = {
			isa = PBXGroup;
			children = (
				CECB787721FC8975008272EC /* beam_mobileTests.swift */,
				CECB787921FC8975008272EC /* Info.plist */,
			);
			path = "beam mobileTests";
			sourceTree = "<group>";
		};
		CECB788121FC8975008272EC /* beam mobileUITests */ = {
			isa = PBXGroup;
			children = (
				CECB788221FC8975008272EC /* beam_mobileUITests.swift */,
				CECB788421FC8975008272EC /* Info.plist */,
			);
			path = "beam mobileUITests";
			sourceTree = "<group>";
		};
		CECB789021FC936E008272EC /* Frameworks */ = {
			isa = PBXGroup;
			children = (
				CED008A621FD98300066F499 /* Kingfisher.framework */,
				CECB78C421FD14D5008272EC /* FirebaseCore.framework */,
				CECB78C221FD142A008272EC /* Protobuf.framework */,
				CECB78C021FD109D008272EC /* FirebaseAnalytics.framework */,
				CECB78BE21FD108F008272EC /* FirebaseInAppMessagingDisplay.framework */,
				CECB78BC21FD108C008272EC /* FirebaseInAppMessaging.framework */,
				CECB78BA21FD1071008272EC /* FirebaseInstanceID.framework */,
				CECB78B821FD0DB7008272EC /* nanopb.framework */,
				CECB78B621FD091A008272EC /* FirebaseMessaging.framework */,
				CECB789821FC9398008272EC /* JGProgressHUD.framework */,
				CECB789521FC9398008272EC /* MarqueeLabel.framework */,
				CECB789621FC9398008272EC /* MarqueeLabelSwift.framework */,
				CECB789A21FC9398008272EC /* NotificationBanner.framework */,
				CECB789721FC9398008272EC /* RxCocoa.framework */,
				CECB789B21FC9398008272EC /* RxSwift.framework */,
				CECB789921FC9398008272EC /* SnapKit.framework */,
				CECB789C21FC9398008272EC /* SwiftValidator.framework */,
				CECB789321FC937C008272EC /* AlamofireImage.framework */,
				CECB789121FC936E008272EC /* Alamofire.framework */,
			);
			name = Frameworks;
			sourceTree = "<group>";
		};
		CECB78A821FCB227008272EC /* UI */ = {
			isa = PBXGroup;
			children = (
				CED008B921FE9A9D0066F499 /* Base */,
				CED008A821FDC9D70066F499 /* Login */,
				CECB78B521FCC4EB008272EC /* Cells */,
				CECB78AC21FCC3E4008272EC /* Favourites */,
				CECB78A921FCBBB4008272EC /* Products */,
			);
			path = UI;
			sourceTree = "<group>";
		};
		CECB78A921FCBBB4008272EC /* Products */ = {
			isa = PBXGroup;
			children = (
				CECB78AA21FCBBDE008272EC /* ProductsTableViewController.swift */,
				CED0089521FD48ED0066F499 /* ProductTableViewCell.swift */,
			);
			path = Products;
			sourceTree = "<group>";
		};
		CECB78AC21FCC3E4008272EC /* Favourites */ = {
			isa = PBXGroup;
			children = (
				CECB78AF21FCC453008272EC /* FavouritesViewController.swift */,
			);
			path = Favourites;
			sourceTree = "<group>";
		};
		CECB78B521FCC4EB008272EC /* Cells */ = {
			isa = PBXGroup;
			children = (
				CECB78B121FCC4E6008272EC /* ItemCell.swift */,
				CECB78B221FCC4E6008272EC /* ItemCell.xib */,
			);
			path = Cells;
			sourceTree = "<group>";
		};
		CECB78C921FD1B5B008272EC /* Firebase */ = {
			isa = PBXGroup;
			children = (
				CED0087E21FD1FF80066F499 /* Analytics */,
				CED0087D21FD1FF80066F499 /* FirebaseInAppMessaging.framework */,
				CED0088721FD1FF80066F499 /* FirebaseMessaging.framework */,
				CED0088821FD1FF80066F499 /* Protobuf.framework */,
				CED0087C21FD1F2C0066F499 /* module.modulemap */,
				CED0087B21FD1F220066F499 /* Firebase.h */,
			);
			path = Firebase;
			sourceTree = "<group>";
		};
		CED0087E21FD1FF80066F499 /* Analytics */ = {
			isa = PBXGroup;
			children = (
				CED0087F21FD1FF80066F499 /* GoogleAppMeasurement.framework */,
				CED0088021FD1FF80066F499 /* FirebaseCore.framework */,
				CED0088121FD1FF80066F499 /* FirebaseAnalytics.framework */,
				CED0088221FD1FF80066F499 /* GoogleUtilities.framework */,
				CED0088321FD1FF80066F499 /* nanopb.framework */,
				CED0088421FD1FF80066F499 /* FIRAnalyticsConnector.framework */,
				CED0088521FD1FF80066F499 /* FirebaseInstanceID.framework */,
				CED0088621FD1FF80066F499 /* FirebaseCoreDiagnostics.framework */,
			);
			path = Analytics;
			sourceTree = "<group>";
		};
		CED0089721FD4A030066F499 /* ModelLayer */ = {
			isa = PBXGroup;
			children = (
				CED008B221FDDE150066F499 /* Defaults */,
				CED0089F21FD4BDE0066F499 /* Models */,
				CED0089821FD4B210066F499 /* Network */,
			);
			path = ModelLayer;
			sourceTree = "<group>";
		};
		CED0089821FD4B210066F499 /* Network */ = {
			isa = PBXGroup;
			children = (
				CED0089D21FD4BC00066F499 /* ApiClient.swift */,
				CED0089B21FD4B950066F499 /* ApiConfiguration.swift */,
				CED008A021FD4C1B0066F499 /* ProductsEndpoint.swift */,
				CED008A221FD51AA0066F499 /* UrlConstants.swift */,
				CED008AB21FDCC560066F499 /* UsersEndpoint.swift */,
				CED008B521FDEF8B0066F499 /* UserProductsEndpoint.swift */,
			);
			path = Network;
			sourceTree = "<group>";
		};
		CED0089F21FD4BDE0066F499 /* Models */ = {
			isa = PBXGroup;
			children = (
				CED008A421FD52CE0066F499 /* ProductModel.swift */,
				CED008AD21FDD4880066F499 /* UserModel.swift */,
				CED008B721FDF3980066F499 /* UserProductModel.swift */,
				CED008BC21FEA1EB0066F499 /* SubscriptionModel.swift */,
				CE52024521FFEF31003DD675 /* ResponseModel.swift */,
			);
			path = Models;
			sourceTree = "<group>";
		};
		CED008A821FDC9D70066F499 /* Login */ = {
			isa = PBXGroup;
			children = (
				CED008A921FDC9F20066F499 /* LoginTableViewController.swift */,
			);
			path = Login;
			sourceTree = "<group>";
		};
		CED008AF21FDD8E40066F499 /* Extentions */ = {
			isa = PBXGroup;
			children = (
				CED008B021FDD9360066F499 /* UIViewControllerExt.swift */,
			);
			path = Extentions;
			sourceTree = "<group>";
		};
		CED008B221FDDE150066F499 /* Defaults */ = {
			isa = PBXGroup;
			children = (
				CED008B321FDDE2A0066F499 /* UserSessionManager.swift */,
			);
			path = Defaults;
			sourceTree = "<group>";
		};
		CED008B921FE9A9D0066F499 /* Base */ = {
			isa = PBXGroup;
			children = (
				CED008BA21FE9B2B0066F499 /* BaseTableViewController.swift */,
			);
			path = Base;
			sourceTree = "<group>";
		};
/* End PBXGroup section */

/* Begin PBXNativeTarget section */
		CECB785A21FC8973008272EC /* beam mobile */ = {
			isa = PBXNativeTarget;
			buildConfigurationList = CECB788721FC8975008272EC /* Build configuration list for PBXNativeTarget "beam mobile" */;
			buildPhases = (
				CECB785721FC8973008272EC /* Sources */,
				CECB785821FC8973008272EC /* Frameworks */,
				CECB785921FC8973008272EC /* Resources */,
				CECB78A521FC93C9008272EC /* ShellScript */,
			);
			buildRules = (
			);
			dependencies = (
			);
			name = "beam mobile";
			productName = "beam mobile";
			productReference = CECB785B21FC8973008272EC /* beam mobile.app */;
			productType = "com.apple.product-type.application";
		};
		CECB787221FC8975008272EC /* beam mobileTests */ = {
			isa = PBXNativeTarget;
			buildConfigurationList = CECB788A21FC8975008272EC /* Build configuration list for PBXNativeTarget "beam mobileTests" */;
			buildPhases = (
				CECB786F21FC8975008272EC /* Sources */,
				CECB787021FC8975008272EC /* Frameworks */,
				CECB787121FC8975008272EC /* Resources */,
			);
			buildRules = (
			);
			dependencies = (
				CECB787521FC8975008272EC /* PBXTargetDependency */,
			);
			name = "beam mobileTests";
			productName = "beam mobileTests";
			productReference = CECB787321FC8975008272EC /* beam mobileTests.xctest */;
			productType = "com.apple.product-type.bundle.unit-test";
		};
		CECB787D21FC8975008272EC /* beam mobileUITests */ = {
			isa = PBXNativeTarget;
			buildConfigurationList = CECB788D21FC8975008272EC /* Build configuration list for PBXNativeTarget "beam mobileUITests" */;
			buildPhases = (
				CECB787A21FC8975008272EC /* Sources */,
				CECB787B21FC8975008272EC /* Frameworks */,
				CECB787C21FC8975008272EC /* Resources */,
			);
			buildRules = (
			);
			dependencies = (
				CECB788021FC8975008272EC /* PBXTargetDependency */,
			);
			name = "beam mobileUITests";
			productName = "beam mobileUITests";
			productReference = CECB787E21FC8975008272EC /* beam mobileUITests.xctest */;
			productType = "com.apple.product-type.bundle.ui-testing";
		};
/* End PBXNativeTarget section */

/* Begin PBXProject section */
		CECB785321FC8973008272EC /* Project object */ = {
			isa = PBXProject;
			attributes = {
				LastSwiftUpdateCheck = 1010;
				LastUpgradeCheck = 1010;
				ORGANIZATIONNAME = novugrid;
				TargetAttributes = {
					CECB785A21FC8973008272EC = {
						CreatedOnToolsVersion = 10.1;
						LastSwiftMigration = 1010;
						SystemCapabilities = {
							com.apple.BackgroundModes = {
								enabled = 1;
							};
							com.apple.Push = {
								enabled = 1;
							};
						};
					};
					CECB787221FC8975008272EC = {
						CreatedOnToolsVersion = 10.1;
						TestTargetID = CECB785A21FC8973008272EC;
					};
					CECB787D21FC8975008272EC = {
						CreatedOnToolsVersion = 10.1;
						TestTargetID = CECB785A21FC8973008272EC;
					};
				};
			};
			buildConfigurationList = CECB785621FC8973008272EC /* Build configuration list for PBXProject "beam mobile" */;
			compatibilityVersion = "Xcode 9.3";
			developmentRegion = en;
			hasScannedForEncodings = 0;
			knownRegions = (
				en,
				Base,
			);
			mainGroup = CECB785221FC8973008272EC;
			productRefGroup = CECB785C21FC8973008272EC /* Products */;
			projectDirPath = "";
			projectRoot = "";
			targets = (
				CECB785A21FC8973008272EC /* beam mobile */,
				CECB787221FC8975008272EC /* beam mobileTests */,
				CECB787D21FC8975008272EC /* beam mobileUITests */,
			);
		};
/* End PBXProject section */

/* Begin PBXResourcesBuildPhase section */
		CECB785921FC8973008272EC /* Resources */ = {
			isa = PBXResourcesBuildPhase;
			buildActionMask = 2147483647;
			files = (
				CECB786D21FC8975008272EC /* LaunchScreen.storyboard in Resources */,
				CECB78A721FC9A41008272EC /* GoogleService-Info.plist in Resources */,
				CECB78B421FCC4E6008272EC /* ItemCell.xib in Resources */,
				CECB786A21FC8975008272EC /* Assets.xcassets in Resources */,
				CECB786821FC8973008272EC /* Main.storyboard in Resources */,
			);
			runOnlyForDeploymentPostprocessing = 0;
		};
		CECB787121FC8975008272EC /* Resources */ = {
			isa = PBXResourcesBuildPhase;
			buildActionMask = 2147483647;
			files = (
			);
			runOnlyForDeploymentPostprocessing = 0;
		};
		CECB787C21FC8975008272EC /* Resources */ = {
			isa = PBXResourcesBuildPhase;
			buildActionMask = 2147483647;
			files = (
			);
			runOnlyForDeploymentPostprocessing = 0;
		};
/* End PBXResourcesBuildPhase section */

/* Begin PBXShellScriptBuildPhase section */
		CECB78A521FC93C9008272EC /* ShellScript */ = {
			isa = PBXShellScriptBuildPhase;
			buildActionMask = 2147483647;
			files = (
			);
			inputFileListPaths = (
			);
			inputPaths = (
				"$(SRCROOT)/Carthage/Build/iOS/Alamofire.framework",
				"$(SRCROOT)/Carthage/Build/iOS/MarqueeLabelSwift.framework",
				"$(SRCROOT)/Carthage/Build/iOS/RxCocoa.framework",
				"$(SRCROOT)/Carthage/Build/iOS/RxSwift.framework",
				"$(SRCROOT)/Carthage/Build/iOS/SnapKit.framework",
				"$(SRCROOT)/Carthage/Build/iOS/JGProgressHUD.framework",
				"$(SRCROOT)/Carthage/Build/iOS/NotificationBanner.framework",
				"$(SRCROOT)/Carthage/Build/iOS/SwiftValidator.framework",
				"$(SRCROOT)/Carthage/Build/iOS/Kingfisher.framework",
			);
			outputFileListPaths = (
			);
			outputPaths = (
				"$(BUILT_PRODUCTS_DIR)/$(FRAMEWORKS_FOLDER_PATH)/Kingfisher.framework",
			);
			runOnlyForDeploymentPostprocessing = 0;
			shellPath = /bin/sh;
			shellScript = "# Type a script or drag a script file from your workspace to insert its path.\n/usr/local/bin/carthage copy-frameworks\n";
		};
/* End PBXShellScriptBuildPhase section */

/* Begin PBXSourcesBuildPhase section */
		CECB785721FC8973008272EC /* Sources */ = {
			isa = PBXSourcesBuildPhase;
			buildActionMask = 2147483647;
			files = (
				CED0089E21FD4BC00066F499 /* ApiClient.swift in Sources */,
				CED008AC21FDCC560066F499 /* UsersEndpoint.swift in Sources */,
				CED008BD21FEA1EC0066F499 /* SubscriptionModel.swift in Sources */,
				CED008B121FDD9360066F499 /* UIViewControllerExt.swift in Sources */,
				CECB78B021FCC453008272EC /* FavouritesViewController.swift in Sources */,
				CED008A121FD4C1B0066F499 /* ProductsEndpoint.swift in Sources */,
				CED008B821FDF3980066F499 /* UserProductModel.swift in Sources */,
				CECB786121FC8973008272EC /* RootViewController.swift in Sources */,
				CED0089C21FD4B950066F499 /* ApiConfiguration.swift in Sources */,
				CED008AA21FDC9F20066F499 /* LoginTableViewController.swift in Sources */,
				CED008B421FDDE2A0066F499 /* UserSessionManager.swift in Sources */,
				CED008A521FD52CE0066F499 /* ProductModel.swift in Sources */,
				CED008AE21FDD4880066F499 /* UserModel.swift in Sources */,
				CED008A321FD51AA0066F499 /* UrlConstants.swift in Sources */,
				CED0089621FD48ED0066F499 /* ProductTableViewCell.swift in Sources */,
				CECB786521FC8973008272EC /* ModelController.swift in Sources */,
				CECB786321FC8973008272EC /* DataViewController.swift in Sources */,
				CECB78B321FCC4E6008272EC /* ItemCell.swift in Sources */,
				CECB785F21FC8973008272EC /* AppDelegate.swift in Sources */,
				CED008B621FDEF8B0066F499 /* UserProductsEndpoint.swift in Sources */,
				CECB78AB21FCBBDE008272EC /* ProductsTableViewController.swift in Sources */,
				CED008BB21FE9B2B0066F499 /* BaseTableViewController.swift in Sources */,
				CE52024621FFEF31003DD675 /* ResponseModel.swift in Sources */,
				CECB78C821FD1986008272EC /* LekanObjc.m in Sources */,
			);
			runOnlyForDeploymentPostprocessing = 0;
		};
		CECB786F21FC8975008272EC /* Sources */ = {
			isa = PBXSourcesBuildPhase;
			buildActionMask = 2147483647;
			files = (
				CECB787821FC8975008272EC /* beam_mobileTests.swift in Sources */,
			);
			runOnlyForDeploymentPostprocessing = 0;
		};
		CECB787A21FC8975008272EC /* Sources */ = {
			isa = PBXSourcesBuildPhase;
			buildActionMask = 2147483647;
			files = (
				CECB788321FC8975008272EC /* beam_mobileUITests.swift in Sources */,
			);
			runOnlyForDeploymentPostprocessing = 0;
		};
/* End PBXSourcesBuildPhase section */

/* Begin PBXTargetDependency section */
		CECB787521FC8975008272EC /* PBXTargetDependency */ = {
			isa = PBXTargetDependency;
			target = CECB785A21FC8973008272EC /* beam mobile */;
			targetProxy = CECB787421FC8975008272EC /* PBXContainerItemProxy */;
		};
		CECB788021FC8975008272EC /* PBXTargetDependency */ = {
			isa = PBXTargetDependency;
			target = CECB785A21FC8973008272EC /* beam mobile */;
			targetProxy = CECB787F21FC8975008272EC /* PBXContainerItemProxy */;
		};
/* End PBXTargetDependency section */

/* Begin PBXVariantGroup section */
		CECB786621FC8973008272EC /* Main.storyboard */ = {
			isa = PBXVariantGroup;
			children = (
				CECB786721FC8973008272EC /* Base */,
			);
			name = Main.storyboard;
			sourceTree = "<group>";
		};
		CECB786B21FC8975008272EC /* LaunchScreen.storyboard */ = {
			isa = PBXVariantGroup;
			children = (
				CECB786C21FC8975008272EC /* Base */,
			);
			name = LaunchScreen.storyboard;
			sourceTree = "<group>";
		};
/* End PBXVariantGroup section */

/* Begin XCBuildConfiguration section */
		CECB788521FC8975008272EC /* Debug */ = {
			isa = XCBuildConfiguration;
			buildSettings = {
				ALWAYS_SEARCH_USER_PATHS = NO;
				CLANG_ANALYZER_NONNULL = YES;
				CLANG_ANALYZER_NUMBER_OBJECT_CONVERSION = YES_AGGRESSIVE;
				CLANG_CXX_LANGUAGE_STANDARD = "gnu++14";
				CLANG_CXX_LIBRARY = "libc++";
				CLANG_ENABLE_MODULES = YES;
				CLANG_ENABLE_OBJC_ARC = YES;
				CLANG_ENABLE_OBJC_WEAK = YES;
				CLANG_WARN_BLOCK_CAPTURE_AUTORELEASING = YES;
				CLANG_WARN_BOOL_CONVERSION = YES;
				CLANG_WARN_COMMA = YES;
				CLANG_WARN_CONSTANT_CONVERSION = YES;
				CLANG_WARN_DEPRECATED_OBJC_IMPLEMENTATIONS = YES;
				CLANG_WARN_DIRECT_OBJC_ISA_USAGE = YES_ERROR;
				CLANG_WARN_DOCUMENTATION_COMMENTS = YES;
				CLANG_WARN_EMPTY_BODY = YES;
				CLANG_WARN_ENUM_CONVERSION = YES;
				CLANG_WARN_INFINITE_RECURSION = YES;
				CLANG_WARN_INT_CONVERSION = YES;
				CLANG_WARN_NON_LITERAL_NULL_CONVERSION = YES;
				CLANG_WARN_OBJC_IMPLICIT_RETAIN_SELF = YES;
				CLANG_WARN_OBJC_LITERAL_CONVERSION = YES;
				CLANG_WARN_OBJC_ROOT_CLASS = YES_ERROR;
				CLANG_WARN_RANGE_LOOP_ANALYSIS = YES;
				CLANG_WARN_STRICT_PROTOTYPES = YES;
				CLANG_WARN_SUSPICIOUS_MOVE = YES;
				CLANG_WARN_UNGUARDED_AVAILABILITY = YES_AGGRESSIVE;
				CLANG_WARN_UNREACHABLE_CODE = YES;
				CLANG_WARN__DUPLICATE_METHOD_MATCH = YES;
				CODE_SIGN_IDENTITY = "iPhone Developer";
				COPY_PHASE_STRIP = NO;
				DEBUG_INFORMATION_FORMAT = dwarf;
				ENABLE_STRICT_OBJC_MSGSEND = YES;
				ENABLE_TESTABILITY = YES;
				GCC_C_LANGUAGE_STANDARD = gnu11;
				GCC_DYNAMIC_NO_PIC = NO;
				GCC_NO_COMMON_BLOCKS = YES;
				GCC_OPTIMIZATION_LEVEL = 0;
				GCC_PREPROCESSOR_DEFINITIONS = (
					"DEBUG=1",
					"$(inherited)",
				);
				GCC_WARN_64_TO_32_BIT_CONVERSION = YES;
				GCC_WARN_ABOUT_RETURN_TYPE = YES_ERROR;
				GCC_WARN_UNDECLARED_SELECTOR = YES;
				GCC_WARN_UNINITIALIZED_AUTOS = YES_AGGRESSIVE;
				GCC_WARN_UNUSED_FUNCTION = YES;
				GCC_WARN_UNUSED_VARIABLE = YES;
				IPHONEOS_DEPLOYMENT_TARGET = 12.1;
				MTL_ENABLE_DEBUG_INFO = INCLUDE_SOURCE;
				MTL_FAST_MATH = YES;
				ONLY_ACTIVE_ARCH = YES;
				OTHER_LDFLAGS = "-ObjC";
				SDKROOT = iphoneos;
				SWIFT_ACTIVE_COMPILATION_CONDITIONS = DEBUG;
				SWIFT_OPTIMIZATION_LEVEL = "-Onone";
			};
			name = Debug;
		};
		CECB788621FC8975008272EC /* Release */ = {
			isa = XCBuildConfiguration;
			buildSettings = {
				ALWAYS_SEARCH_USER_PATHS = NO;
				CLANG_ANALYZER_NONNULL = YES;
				CLANG_ANALYZER_NUMBER_OBJECT_CONVERSION = YES_AGGRESSIVE;
				CLANG_CXX_LANGUAGE_STANDARD = "gnu++14";
				CLANG_CXX_LIBRARY = "libc++";
				CLANG_ENABLE_MODULES = YES;
				CLANG_ENABLE_OBJC_ARC = YES;
				CLANG_ENABLE_OBJC_WEAK = YES;
				CLANG_WARN_BLOCK_CAPTURE_AUTORELEASING = YES;
				CLANG_WARN_BOOL_CONVERSION = YES;
				CLANG_WARN_COMMA = YES;
				CLANG_WARN_CONSTANT_CONVERSION = YES;
				CLANG_WARN_DEPRECATED_OBJC_IMPLEMENTATIONS = YES;
				CLANG_WARN_DIRECT_OBJC_ISA_USAGE = YES_ERROR;
				CLANG_WARN_DOCUMENTATION_COMMENTS = YES;
				CLANG_WARN_EMPTY_BODY = YES;
				CLANG_WARN_ENUM_CONVERSION = YES;
				CLANG_WARN_INFINITE_RECURSION = YES;
				CLANG_WARN_INT_CONVERSION = YES;
				CLANG_WARN_NON_LITERAL_NULL_CONVERSION = YES;
				CLANG_WARN_OBJC_IMPLICIT_RETAIN_SELF = YES;
				CLANG_WARN_OBJC_LITERAL_CONVERSION = YES;
				CLANG_WARN_OBJC_ROOT_CLASS = YES_ERROR;
				CLANG_WARN_RANGE_LOOP_ANALYSIS = YES;
				CLANG_WARN_STRICT_PROTOTYPES = YES;
				CLANG_WARN_SUSPICIOUS_MOVE = YES;
				CLANG_WARN_UNGUARDED_AVAILABILITY = YES_AGGRESSIVE;
				CLANG_WARN_UNREACHABLE_CODE = YES;
				CLANG_WARN__DUPLICATE_METHOD_MATCH = YES;
				CODE_SIGN_IDENTITY = "iPhone Developer";
				COPY_PHASE_STRIP = NO;
				DEBUG_INFORMATION_FORMAT = "dwarf-with-dsym";
				ENABLE_NS_ASSERTIONS = NO;
				ENABLE_STRICT_OBJC_MSGSEND = YES;
				GCC_C_LANGUAGE_STANDARD = gnu11;
				GCC_NO_COMMON_BLOCKS = YES;
				GCC_WARN_64_TO_32_BIT_CONVERSION = YES;
				GCC_WARN_ABOUT_RETURN_TYPE = YES_ERROR;
				GCC_WARN_UNDECLARED_SELECTOR = YES;
				GCC_WARN_UNINITIALIZED_AUTOS = YES_AGGRESSIVE;
				GCC_WARN_UNUSED_FUNCTION = YES;
				GCC_WARN_UNUSED_VARIABLE = YES;
				IPHONEOS_DEPLOYMENT_TARGET = 12.1;
				MTL_ENABLE_DEBUG_INFO = NO;
				MTL_FAST_MATH = YES;
				OTHER_LDFLAGS = "-ObjC";
				SDKROOT = iphoneos;
				SWIFT_COMPILATION_MODE = wholemodule;
				SWIFT_OPTIMIZATION_LEVEL = "-O";
				VALIDATE_PRODUCT = YES;
			};
			name = Release;
		};
		CECB788821FC8975008272EC /* Debug */ = {
			isa = XCBuildConfiguration;
			buildSettings = {
				ASSETCATALOG_COMPILER_APPICON_NAME = AppIcon;
				CLANG_ENABLE_MODULES = YES;
				CODE_SIGN_ENTITLEMENTS = "beam mobile/beam mobile.entitlements";
				CODE_SIGN_STYLE = Automatic;
				DEVELOPMENT_TEAM = F6TVSDW7PY;
				FRAMEWORK_SEARCH_PATHS = (
					"$(inherited)",
					"$(PROJECT_DIR)/Carthage/Build/iOS",
					"$(PROJECT_DIR)/beam\\ mobile/Firebase",
					"$(PROJECT_DIR)/beam\\ mobile/Firebase/Analytics",
					"$(PROJECT_DIR)/beam\\ mobile/Firebase/Analytics",
					"$(PROJECT_DIR)/beam\\ mobile/Firebase/Analytics",
					"$(PROJECT_DIR)/beam\\ mobile/Firebase/Analytics",
					"$(PROJECT_DIR)/beam\\ mobile/Firebase/Analytics",
					"$(PROJECT_DIR)/beam\\ mobile/Firebase/Analytics",
					"$(PROJECT_DIR)/beam\\ mobile/Firebase/Analytics",
					"$(PROJECT_DIR)/beam\\ mobile/Firebase/Analytics",
					"$(PROJECT_DIR)/beam\\ mobile/Firebase",
					"$(PROJECT_DIR)/beam\\ mobile/Firebase",
					"$(PROJECT_DIR)/beam\\ mobile/Firebase/Analytics",
					"$(PROJECT_DIR)/beam\\ mobile/Firebase/Analytics",
				);
				INFOPLIST_FILE = "beam mobile/Info.plist";
				LD_RUNPATH_SEARCH_PATHS = (
					"$(inherited)",
					"@executable_path/Frameworks",
				);
				PRODUCT_BUNDLE_IDENTIFIER = "com.novugrid.beam-mobile";
				PRODUCT_NAME = "$(TARGET_NAME)";
				SWIFT_OBJC_BRIDGING_HEADER = "beam mobile/beam mobile-Bridging-Header.h";
				SWIFT_OPTIMIZATION_LEVEL = "-Onone";
				SWIFT_VERSION = 4.2;
				TARGETED_DEVICE_FAMILY = "1,2";
			};
			name = Debug;
		};
		CECB788921FC8975008272EC /* Release */ = {
			isa = XCBuildConfiguration;
			buildSettings = {
				ASSETCATALOG_COMPILER_APPICON_NAME = AppIcon;
				CLANG_ENABLE_MODULES = YES;
				CODE_SIGN_ENTITLEMENTS = "beam mobile/beam mobile.entitlements";
				CODE_SIGN_STYLE = Automatic;
				DEVELOPMENT_TEAM = F6TVSDW7PY;
				FRAMEWORK_SEARCH_PATHS = (
					"$(inherited)",
					"$(PROJECT_DIR)/Carthage/Build/iOS",
					"$(PROJECT_DIR)/beam\\ mobile/Firebase",
					"$(PROJECT_DIR)/beam\\ mobile/Firebase/Analytics",
					"$(PROJECT_DIR)/beam\\ mobile/Firebase/Analytics",
					"$(PROJECT_DIR)/beam\\ mobile/Firebase/Analytics",
					"$(PROJECT_DIR)/beam\\ mobile/Firebase/Analytics",
					"$(PROJECT_DIR)/beam\\ mobile/Firebase/Analytics",
					"$(PROJECT_DIR)/beam\\ mobile/Firebase/Analytics",
					"$(PROJECT_DIR)/beam\\ mobile/Firebase/Analytics",
					"$(PROJECT_DIR)/beam\\ mobile/Firebase/Analytics",
					"$(PROJECT_DIR)/beam\\ mobile/Firebase",
					"$(PROJECT_DIR)/beam\\ mobile/Firebase",
					"$(PROJECT_DIR)/beam\\ mobile/Firebase/Analytics",
					"$(PROJECT_DIR)/beam\\ mobile/Firebase/Analytics",
				);
				INFOPLIST_FILE = "beam mobile/Info.plist";
				LD_RUNPATH_SEARCH_PATHS = (
					"$(inherited)",
					"@executable_path/Frameworks",
				);
				PRODUCT_BUNDLE_IDENTIFIER = "com.novugrid.beam-mobile";
				PRODUCT_NAME = "$(TARGET_NAME)";
				SWIFT_OBJC_BRIDGING_HEADER = "beam mobile/beam mobile-Bridging-Header.h";
				SWIFT_VERSION = 4.2;
				TARGETED_DEVICE_FAMILY = "1,2";
			};
			name = Release;
		};
		CECB788B21FC8975008272EC /* Debug */ = {
			isa = XCBuildConfiguration;
			buildSettings = {
				ALWAYS_EMBED_SWIFT_STANDARD_LIBRARIES = YES;
				BUNDLE_LOADER = "$(TEST_HOST)";
				CODE_SIGN_STYLE = Automatic;
				DEVELOPMENT_TEAM = F6TVSDW7PY;
				INFOPLIST_FILE = "beam mobileTests/Info.plist";
				LD_RUNPATH_SEARCH_PATHS = (
					"$(inherited)",
					"@executable_path/Frameworks",
					"@loader_path/Frameworks",
				);
				PRODUCT_BUNDLE_IDENTIFIER = "com.novugrid.beam-mobileTests";
				PRODUCT_NAME = "$(TARGET_NAME)";
				SWIFT_VERSION = 4.2;
				TARGETED_DEVICE_FAMILY = "1,2";
				TEST_HOST = "$(BUILT_PRODUCTS_DIR)/beam mobile.app/beam mobile";
			};
			name = Debug;
		};
		CECB788C21FC8975008272EC /* Release */ = {
			isa = XCBuildConfiguration;
			buildSettings = {
				ALWAYS_EMBED_SWIFT_STANDARD_LIBRARIES = YES;
				BUNDLE_LOADER = "$(TEST_HOST)";
				CODE_SIGN_STYLE = Automatic;
				DEVELOPMENT_TEAM = F6TVSDW7PY;
				INFOPLIST_FILE = "beam mobileTests/Info.plist";
				LD_RUNPATH_SEARCH_PATHS = (
					"$(inherited)",
					"@executable_path/Frameworks",
					"@loader_path/Frameworks",
				);
				PRODUCT_BUNDLE_IDENTIFIER = "com.novugrid.beam-mobileTests";
				PRODUCT_NAME = "$(TARGET_NAME)";
				SWIFT_VERSION = 4.2;
				TARGETED_DEVICE_FAMILY = "1,2";
				TEST_HOST = "$(BUILT_PRODUCTS_DIR)/beam mobile.app/beam mobile";
			};
			name = Release;
		};
		CECB788E21FC8975008272EC /* Debug */ = {
			isa = XCBuildConfiguration;
			buildSettings = {
				ALWAYS_EMBED_SWIFT_STANDARD_LIBRARIES = YES;
				CODE_SIGN_STYLE = Automatic;
				DEVELOPMENT_TEAM = F6TVSDW7PY;
				INFOPLIST_FILE = "beam mobileUITests/Info.plist";
				LD_RUNPATH_SEARCH_PATHS = (
					"$(inherited)",
					"@executable_path/Frameworks",
					"@loader_path/Frameworks",
				);
				PRODUCT_BUNDLE_IDENTIFIER = "com.novugrid.beam-mobileUITests";
				PRODUCT_NAME = "$(TARGET_NAME)";
				SWIFT_VERSION = 4.2;
				TARGETED_DEVICE_FAMILY = "1,2";
				TEST_TARGET_NAME = "beam mobile";
			};
			name = Debug;
		};
		CECB788F21FC8975008272EC /* Release */ = {
			isa = XCBuildConfiguration;
			buildSettings = {
				ALWAYS_EMBED_SWIFT_STANDARD_LIBRARIES = YES;
				CODE_SIGN_STYLE = Automatic;
				DEVELOPMENT_TEAM = F6TVSDW7PY;
				INFOPLIST_FILE = "beam mobileUITests/Info.plist";
				LD_RUNPATH_SEARCH_PATHS = (
					"$(inherited)",
					"@executable_path/Frameworks",
					"@loader_path/Frameworks",
				);
				PRODUCT_BUNDLE_IDENTIFIER = "com.novugrid.beam-mobileUITests";
				PRODUCT_NAME = "$(TARGET_NAME)";
				SWIFT_VERSION = 4.2;
				TARGETED_DEVICE_FAMILY = "1,2";
				TEST_TARGET_NAME = "beam mobile";
			};
			name = Release;
		};
/* End XCBuildConfiguration section */

/* Begin XCConfigurationList section */
		CECB785621FC8973008272EC /* Build configuration list for PBXProject "beam mobile" */ = {
			isa = XCConfigurationList;
			buildConfigurations = (
				CECB788521FC8975008272EC /* Debug */,
				CECB788621FC8975008272EC /* Release */,
			);
			defaultConfigurationIsVisible = 0;
			defaultConfigurationName = Release;
		};
		CECB788721FC8975008272EC /* Build configuration list for PBXNativeTarget "beam mobile" */ = {
			isa = XCConfigurationList;
			buildConfigurations = (
				CECB788821FC8975008272EC /* Debug */,
				CECB788921FC8975008272EC /* Release */,
			);
			defaultConfigurationIsVisible = 0;
			defaultConfigurationName = Release;
		};
		CECB788A21FC8975008272EC /* Build configuration list for PBXNativeTarget "beam mobileTests" */ = {
			isa = XCConfigurationList;
			buildConfigurations = (
				CECB788B21FC8975008272EC /* Debug */,
				CECB788C21FC8975008272EC /* Release */,
			);
			defaultConfigurationIsVisible = 0;
			defaultConfigurationName = Release;
		};
		CECB788D21FC8975008272EC /* Build configuration list for PBXNativeTarget "beam mobileUITests" */ = {
			isa = XCConfigurationList;
			buildConfigurations = (
				CECB788E21FC8975008272EC /* Debug */,
				CECB788F21FC8975008272EC /* Release */,
			);
			defaultConfigurationIsVisible = 0;
			defaultConfigurationName = Release;
		};
/* End XCConfigurationList section */
	};
	rootObject = CECB785321FC8973008272EC /* Project object */;
}
